
Microsoft Visual Studio Solution File, Format Version 12.00
# Visual Studio 15
VisualStudioVersion = 15.0.27130.2024
MinimumVisualStudioVersion = 10.0.40219.1
Project("{FAE04EC0-301F-11D3-BF4B-00C04F79EFBC}") = "TOCropViewController", "Binding\TOCropViewController\TOCropViewController.csproj", "{C5DCB26A-02D0-4D8B-878E-C9169915C22A}"
EndProject
Project("{9A19103F-16F7-4668-BE54-9A1E7A4F7556}") = "ImageCropper", "ImageCropper\ImageCropper\ImageCropper.csproj", "{93F1186D-AC71-47AC-A40E-B43CA82EB57B}"
EndProject
Project("{FAE04EC0-301F-11D3-BF4B-00C04F79EFBC}") = "ImageCropper.iOS", "ImageCropper\ImageCropper.iOS\ImageCropper.iOS.csproj", "{2798EED2-0A88-45E7-97D5-F7DCB01233E1}"
EndProject
Project("{2150E333-8FDC-42A3-9474-1A3956D46DE8}") = "Binding", "Binding", "{BA3A7998-C0FA-412E-B727-41E1458BD3A2}"
EndProject
Project("{2150E333-8FDC-42A3-9474-1A3956D46DE8}") = "Library", "Library", "{62B0983D-8EE5-4E3D-98AC-319C0C8DFDF1}"
EndProject
Project("{2150E333-8FDC-42A3-9474-1A3956D46DE8}") = "Solution Items", "Solution Items", "{5509A28A-CD73-4B7D-B5DD-A312CCE9FB48}"
	ProjectSection(SolutionItems) = preProject
		ImageCropper.nuspec = ImageCropper.nuspec
		LICENSE.md = LICENSE.md
		README.md = README.md
	EndProjectSection
EndProject
Project("{2150E333-8FDC-42A3-9474-1A3956D46DE8}") = "Sample", "Sample", "{43DAA3BE-9B5B-417D-970A-52BB989A1782}"
EndProject
Project("{FAE04EC0-301F-11D3-BF4B-00C04F79EFBC}") = "ImageCropSample.iOS", "Sample\ImageCropSample\ImageCropSample.iOS\ImageCropSample.iOS.csproj", "{493355B4-5C43-4608-8965-6601A2CA51D0}"
EndProject
Project("{FAE04EC0-301F-11D3-BF4B-00C04F79EFBC}") = "ImageCropSample", "Sample\ImageCropSample\ImageCropSample\ImageCropSample.csproj", "{5D4D5C3B-8612-4F5B-A8C1-9A3AA0B2FEA0}"
EndProject
Project("{9344BDBB-3E7F-41FC-A0DD-8665D75EE146}") = "ImageCropper.Android.Binding", "Binding\ImageCropper.Android.Binding\ImageCropper.Android.Binding.csproj", "{27A8C1DD-84B4-4A85-8070-C8DFBE0B9618}"
EndProject
Project("{9344BDBB-3E7F-41FC-A0DD-8665D75EE146}") = "ImageCropper.Droid", "ImageCropper\ImageCropper.Droid\ImageCropper.Droid.csproj", "{D81390D8-FE39-4452-BB89-72C45E143367}"
EndProject
Project("{9344BDBB-3E7F-41FC-A0DD-8665D75EE146}") = "ImageCropSample.Android", "Sample\ImageCropSample\ImageCropSample.Android\ImageCropSample.Android.csproj", "{286C2FA3-71DC-4AF7-AD2F-204924733A91}"
EndProject
Global
	GlobalSection(SolutionConfigurationPlatforms) = preSolution
		Ad-Hoc|Any CPU = Ad-Hoc|Any CPU
		Ad-Hoc|iPhone = Ad-Hoc|iPhone
		Ad-Hoc|iPhoneSimulator = Ad-Hoc|iPhoneSimulator
		AppStore|Any CPU = AppStore|Any CPU
		AppStore|iPhone = AppStore|iPhone
		AppStore|iPhoneSimulator = AppStore|iPhoneSimulator
		Debug|Any CPU = Debug|Any CPU
		Debug|iPhone = Debug|iPhone
		Debug|iPhoneSimulator = Debug|iPhoneSimulator
		Release|Any CPU = Release|Any CPU
		Release|iPhone = Release|iPhone
		Release|iPhoneSimulator = Release|iPhoneSimulator
	EndGlobalSection
	GlobalSection(ProjectConfigurationPlatforms) = postSolution
		{C5DCB26A-02D0-4D8B-878E-C9169915C22A}.Ad-Hoc|Any CPU.ActiveCfg = Release|Any CPU
		{C5DCB26A-02D0-4D8B-878E-C9169915C22A}.Ad-Hoc|Any CPU.Build.0 = Release|Any CPU
		{C5DCB26A-02D0-4D8B-878E-C9169915C22A}.Ad-Hoc|iPhone.ActiveCfg = Release|Any CPU
		{C5DCB26A-02D0-4D8B-878E-C9169915C22A}.Ad-Hoc|iPhone.Build.0 = Release|Any CPU
		{C5DCB26A-02D0-4D8B-878E-C9169915C22A}.Ad-Hoc|iPhoneSimulator.ActiveCfg = Release|Any CPU
		{C5DCB26A-02D0-4D8B-878E-C9169915C22A}.Ad-Hoc|iPhoneSimulator.Build.0 = Release|Any CPU
		{C5DCB26A-02D0-4D8B-878E-C9169915C22A}.AppStore|Any CPU.ActiveCfg = Release|Any CPU
		{C5DCB26A-02D0-4D8B-878E-C9169915C22A}.AppStore|Any CPU.Build.0 = Release|Any CPU
		{C5DCB26A-02D0-4D8B-878E-C9169915C22A}.AppStore|iPhone.ActiveCfg = Release|Any CPU
		{C5DCB26A-02D0-4D8B-878E-C9169915C22A}.AppStore|iPhone.Build.0 = Release|Any CPU
		{C5DCB26A-02D0-4D8B-878E-C9169915C22A}.AppStore|iPhoneSimulator.ActiveCfg = Release|Any CPU
		{C5DCB26A-02D0-4D8B-878E-C9169915C22A}.AppStore|iPhoneSimulator.Build.0 = Release|Any CPU
		{C5DCB26A-02D0-4D8B-878E-C9169915C22A}.Debug|Any CPU.ActiveCfg = Debug|Any CPU
		{C5DCB26A-02D0-4D8B-878E-C9169915C22A}.Debug|Any CPU.Build.0 = Debug|Any CPU
		{C5DCB26A-02D0-4D8B-878E-C9169915C22A}.Debug|iPhone.ActiveCfg = Debug|Any CPU
		{C5DCB26A-02D0-4D8B-878E-C9169915C22A}.Debug|iPhone.Build.0 = Debug|Any CPU
		{C5DCB26A-02D0-4D8B-878E-C9169915C22A}.Debug|iPhoneSimulator.ActiveCfg = Debug|Any CPU
		{C5DCB26A-02D0-4D8B-878E-C9169915C22A}.Debug|iPhoneSimulator.Build.0 = Debug|Any CPU
		{C5DCB26A-02D0-4D8B-878E-C9169915C22A}.Release|Any CPU.ActiveCfg = Release|Any CPU
		{C5DCB26A-02D0-4D8B-878E-C9169915C22A}.Release|Any CPU.Build.0 = Release|Any CPU
		{C5DCB26A-02D0-4D8B-878E-C9169915C22A}.Release|iPhone.ActiveCfg = Release|Any CPU
		{C5DCB26A-02D0-4D8B-878E-C9169915C22A}.Release|iPhone.Build.0 = Release|Any CPU
		{C5DCB26A-02D0-4D8B-878E-C9169915C22A}.Release|iPhoneSimulator.ActiveCfg = Release|Any CPU
		{C5DCB26A-02D0-4D8B-878E-C9169915C22A}.Release|iPhoneSimulator.Build.0 = Release|Any CPU
		{93F1186D-AC71-47AC-A40E-B43CA82EB57B}.Ad-Hoc|Any CPU.ActiveCfg = Debug|Any CPU
		{93F1186D-AC71-47AC-A40E-B43CA82EB57B}.Ad-Hoc|Any CPU.Build.0 = Debug|Any CPU
		{93F1186D-AC71-47AC-A40E-B43CA82EB57B}.Ad-Hoc|iPhone.ActiveCfg = Debug|Any CPU
		{93F1186D-AC71-47AC-A40E-B43CA82EB57B}.Ad-Hoc|iPhone.Build.0 = Debug|Any CPU
		{93F1186D-AC71-47AC-A40E-B43CA82EB57B}.Ad-Hoc|iPhoneSimulator.ActiveCfg = Debug|Any CPU
		{93F1186D-AC71-47AC-A40E-B43CA82EB57B}.Ad-Hoc|iPhoneSimulator.Build.0 = Debug|Any CPU
		{93F1186D-AC71-47AC-A40E-B43CA82EB57B}.AppStore|Any CPU.ActiveCfg = Debug|Any CPU
		{93F1186D-AC71-47AC-A40E-B43CA82EB57B}.AppStore|Any CPU.Build.0 = Debug|Any CPU
		{93F1186D-AC71-47AC-A40E-B43CA82EB57B}.AppStore|iPhone.ActiveCfg = Debug|Any CPU
		{93F1186D-AC71-47AC-A40E-B43CA82EB57B}.AppStore|iPhone.Build.0 = Debug|Any CPU
		{93F1186D-AC71-47AC-A40E-B43CA82EB57B}.AppStore|iPhoneSimulator.ActiveCfg = Debug|Any CPU
		{93F1186D-AC71-47AC-A40E-B43CA82EB57B}.AppStore|iPhoneSimulator.Build.0 = Debug|Any CPU
		{93F1186D-AC71-47AC-A40E-B43CA82EB57B}.Debug|Any CPU.ActiveCfg = Debug|Any CPU
		{93F1186D-AC71-47AC-A40E-B43CA82EB57B}.Debug|Any CPU.Build.0 = Debug|Any CPU
		{93F1186D-AC71-47AC-A40E-B43CA82EB57B}.Debug|iPhone.ActiveCfg = Debug|Any CPU
		{93F1186D-AC71-47AC-A40E-B43CA82EB57B}.Debug|iPhone.Build.0 = Debug|Any CPU
		{93F1186D-AC71-47AC-A40E-B43CA82EB57B}.Debug|iPhoneSimulator.ActiveCfg = Debug|Any CPU
		{93F1186D-AC71-47AC-A40E-B43CA82EB57B}.Debug|iPhoneSimulator.Build.0 = Debug|Any CPU
		{93F1186D-AC71-47AC-A40E-B43CA82EB57B}.Release|Any CPU.ActiveCfg = Release|Any CPU
		{93F1186D-AC71-47AC-A40E-B43CA82EB57B}.Release|Any CPU.Build.0 = Release|Any CPU
		{93F1186D-AC71-47AC-A40E-B43CA82EB57B}.Release|iPhone.ActiveCfg = Release|Any CPU
		{93F1186D-AC71-47AC-A40E-B43CA82EB57B}.Release|iPhone.Build.0 = Release|Any CPU
		{93F1186D-AC71-47AC-A40E-B43CA82EB57B}.Release|iPhoneSimulator.ActiveCfg = Release|Any CPU
		{93F1186D-AC71-47AC-A40E-B43CA82EB57B}.Release|iPhoneSimulator.Build.0 = Release|Any CPU
		{2798EED2-0A88-45E7-97D5-F7DCB01233E1}.Ad-Hoc|Any CPU.ActiveCfg = Release|Any CPU
		{2798EED2-0A88-45E7-97D5-F7DCB01233E1}.Ad-Hoc|Any CPU.Build.0 = Release|Any CPU
		{2798EED2-0A88-45E7-97D5-F7DCB01233E1}.Ad-Hoc|iPhone.ActiveCfg = Release|Any CPU
		{2798EED2-0A88-45E7-97D5-F7DCB01233E1}.Ad-Hoc|iPhone.Build.0 = Release|Any CPU
		{2798EED2-0A88-45E7-97D5-F7DCB01233E1}.Ad-Hoc|iPhoneSimulator.ActiveCfg = Release|Any CPU
		{2798EED2-0A88-45E7-97D5-F7DCB01233E1}.Ad-Hoc|iPhoneSimulator.Build.0 = Release|Any CPU
		{2798EED2-0A88-45E7-97D5-F7DCB01233E1}.AppStore|Any CPU.ActiveCfg = Release|Any CPU
		{2798EED2-0A88-45E7-97D5-F7DCB01233E1}.AppStore|Any CPU.Build.0 = Release|Any CPU
		{2798EED2-0A88-45E7-97D5-F7DCB01233E1}.AppStore|iPhone.ActiveCfg = Release|Any CPU
		{2798EED2-0A88-45E7-97D5-F7DCB01233E1}.AppStore|iPhone.Build.0 = Release|Any CPU
		{2798EED2-0A88-45E7-97D5-F7DCB01233E1}.AppStore|iPhoneSimulator.ActiveCfg = Release|Any CPU
		{2798EED2-0A88-45E7-97D5-F7DCB01233E1}.AppStore|iPhoneSimulator.Build.0 = Release|Any CPU
		{2798EED2-0A88-45E7-97D5-F7DCB01233E1}.Debug|Any CPU.ActiveCfg = Debug|Any CPU
		{2798EED2-0A88-45E7-97D5-F7DCB01233E1}.Debug|Any CPU.Build.0 = Debug|Any CPU
		{2798EED2-0A88-45E7-97D5-F7DCB01233E1}.Debug|iPhone.ActiveCfg = Debug|Any CPU
		{2798EED2-0A88-45E7-97D5-F7DCB01233E1}.Debug|iPhone.Build.0 = Debug|Any CPU
		{2798EED2-0A88-45E7-97D5-F7DCB01233E1}.Debug|iPhoneSimulator.ActiveCfg = Debug|Any CPU
		{2798EED2-0A88-45E7-97D5-F7DCB01233E1}.Debug|iPhoneSimulator.Build.0 = Debug|Any CPU
		{2798EED2-0A88-45E7-97D5-F7DCB01233E1}.Release|Any CPU.ActiveCfg = Release|Any CPU
		{2798EED2-0A88-45E7-97D5-F7DCB01233E1}.Release|Any CPU.Build.0 = Release|Any CPU
		{2798EED2-0A88-45E7-97D5-F7DCB01233E1}.Release|iPhone.ActiveCfg = Release|Any CPU
		{2798EED2-0A88-45E7-97D5-F7DCB01233E1}.Release|iPhone.Build.0 = Release|Any CPU
		{2798EED2-0A88-45E7-97D5-F7DCB01233E1}.Release|iPhoneSimulator.ActiveCfg = Release|Any CPU
		{2798EED2-0A88-45E7-97D5-F7DCB01233E1}.Release|iPhoneSimulator.Build.0 = Release|Any CPU
		{493355B4-5C43-4608-8965-6601A2CA51D0}.Ad-Hoc|Any CPU.ActiveCfg = Ad-Hoc|iPhone
		{493355B4-5C43-4608-8965-6601A2CA51D0}.Ad-Hoc|iPhone.ActiveCfg = Ad-Hoc|iPhone
		{493355B4-5C43-4608-8965-6601A2CA51D0}.Ad-Hoc|iPhone.Build.0 = Ad-Hoc|iPhone
		{493355B4-5C43-4608-8965-6601A2CA51D0}.Ad-Hoc|iPhoneSimulator.ActiveCfg = Ad-Hoc|iPhoneSimulator
		{493355B4-5C43-4608-8965-6601A2CA51D0}.Ad-Hoc|iPhoneSimulator.Build.0 = Ad-Hoc|iPhoneSimulator
		{493355B4-5C43-4608-8965-6601A2CA51D0}.AppStore|Any CPU.ActiveCfg = AppStore|iPhone
		{493355B4-5C43-4608-8965-6601A2CA51D0}.AppStore|iPhone.ActiveCfg = AppStore|iPhone
		{493355B4-5C43-4608-8965-6601A2CA51D0}.AppStore|iPhone.Build.0 = AppStore|iPhone
		{493355B4-5C43-4608-8965-6601A2CA51D0}.AppStore|iPhoneSimulator.ActiveCfg = AppStore|iPhoneSimulator
		{493355B4-5C43-4608-8965-6601A2CA51D0}.AppStore|iPhoneSimulator.Build.0 = AppStore|iPhoneSimulator
		{493355B4-5C43-4608-8965-6601A2CA51D0}.Debug|Any CPU.ActiveCfg = Debug|iPhone
		{493355B4-5C43-4608-8965-6601A2CA51D0}.Debug|iPhone.ActiveCfg = Debug|iPhone
		{493355B4-5C43-4608-8965-6601A2CA51D0}.Debug|iPhone.Build.0 = Debug|iPhone
		{493355B4-5C43-4608-8965-6601A2CA51D0}.Debug|iPhoneSimulator.ActiveCfg = Debug|iPhoneSimulator
		{493355B4-5C43-4608-8965-6601A2CA51D0}.Debug|iPhoneSimulator.Build.0 = Debug|iPhoneSimulator
		{493355B4-5C43-4608-8965-6601A2CA51D0}.Release|Any CPU.ActiveCfg = Release|iPhone
		{493355B4-5C43-4608-8965-6601A2CA51D0}.Release|iPhone.ActiveCfg = Release|iPhone
		{493355B4-5C43-4608-8965-6601A2CA51D0}.Release|iPhone.Build.0 = Release|iPhone
		{493355B4-5C43-4608-8965-6601A2CA51D0}.Release|iPhoneSimulator.ActiveCfg = Release|iPhoneSimulator
		{493355B4-5C43-4608-8965-6601A2CA51D0}.Release|iPhoneSimulator.Build.0 = Release|iPhoneSimulator
		{5D4D5C3B-8612-4F5B-A8C1-9A3AA0B2FEA0}.Ad-Hoc|Any CPU.ActiveCfg = Debug|Any CPU
		{5D4D5C3B-8612-4F5B-A8C1-9A3AA0B2FEA0}.Ad-Hoc|Any CPU.Build.0 = Debug|Any CPU
		{5D4D5C3B-8612-4F5B-A8C1-9A3AA0B2FEA0}.Ad-Hoc|iPhone.ActiveCfg = Debug|Any CPU
		{5D4D5C3B-8612-4F5B-A8C1-9A3AA0B2FEA0}.Ad-Hoc|iPhone.Build.0 = Debug|Any CPU
		{5D4D5C3B-8612-4F5B-A8C1-9A3AA0B2FEA0}.Ad-Hoc|iPhoneSimulator.ActiveCfg = Debug|Any CPU
		{5D4D5C3B-8612-4F5B-A8C1-9A3AA0B2FEA0}.Ad-Hoc|iPhoneSimulator.Build.0 = Debug|Any CPU
		{5D4D5C3B-8612-4F5B-A8C1-9A3AA0B2FEA0}.AppStore|Any CPU.ActiveCfg = Debug|Any CPU
		{5D4D5C3B-8612-4F5B-A8C1-9A3AA0B2FEA0}.AppStore|Any CPU.Build.0 = Debug|Any CPU
		{5D4D5C3B-8612-4F5B-A8C1-9A3AA0B2FEA0}.AppStore|iPhone.ActiveCfg = Debug|Any CPU
		{5D4D5C3B-8612-4F5B-A8C1-9A3AA0B2FEA0}.AppStore|iPhone.Build.0 = Debug|Any CPU
		{5D4D5C3B-8612-4F5B-A8C1-9A3AA0B2FEA0}.AppStore|iPhoneSimulator.ActiveCfg = Debug|Any CPU
		{5D4D5C3B-8612-4F5B-A8C1-9A3AA0B2FEA0}.AppStore|iPhoneSimulator.Build.0 = Debug|Any CPU
		{5D4D5C3B-8612-4F5B-A8C1-9A3AA0B2FEA0}.Debug|Any CPU.ActiveCfg = Debug|Any CPU
		{5D4D5C3B-8612-4F5B-A8C1-9A3AA0B2FEA0}.Debug|Any CPU.Build.0 = Debug|Any CPU
		{5D4D5C3B-8612-4F5B-A8C1-9A3AA0B2FEA0}.Debug|iPhone.ActiveCfg = Debug|Any CPU
		{5D4D5C3B-8612-4F5B-A8C1-9A3AA0B2FEA0}.Debug|iPhone.Build.0 = Debug|Any CPU
		{5D4D5C3B-8612-4F5B-A8C1-9A3AA0B2FEA0}.Debug|iPhoneSimulator.ActiveCfg = Debug|Any CPU
		{5D4D5C3B-8612-4F5B-A8C1-9A3AA0B2FEA0}.Debug|iPhoneSimulator.Build.0 = Debug|Any CPU
		{5D4D5C3B-8612-4F5B-A8C1-9A3AA0B2FEA0}.Release|Any CPU.ActiveCfg = Release|Any CPU
		{5D4D5C3B-8612-4F5B-A8C1-9A3AA0B2FEA0}.Release|Any CPU.Build.0 = Release|Any CPU
		{5D4D5C3B-8612-4F5B-A8C1-9A3AA0B2FEA0}.Release|iPhone.ActiveCfg = Release|Any CPU
		{5D4D5C3B-8612-4F5B-A8C1-9A3AA0B2FEA0}.Release|iPhone.Build.0 = Release|Any CPU
		{5D4D5C3B-8612-4F5B-A8C1-9A3AA0B2FEA0}.Release|iPhoneSimulator.ActiveCfg = Release|Any CPU
		{5D4D5C3B-8612-4F5B-A8C1-9A3AA0B2FEA0}.Release|iPhoneSimulator.Build.0 = Release|Any CPU
		{27A8C1DD-84B4-4A85-8070-C8DFBE0B9618}.Ad-Hoc|Any CPU.ActiveCfg = Release|Any CPU
		{27A8C1DD-84B4-4A85-8070-C8DFBE0B9618}.Ad-Hoc|Any CPU.Build.0 = Release|Any CPU
		{27A8C1DD-84B4-4A85-8070-C8DFBE0B9618}.Ad-Hoc|iPhone.ActiveCfg = Release|Any CPU
		{27A8C1DD-84B4-4A85-8070-C8DFBE0B9618}.Ad-Hoc|iPhone.Build.0 = Release|Any CPU
		{27A8C1DD-84B4-4A85-8070-C8DFBE0B9618}.Ad-Hoc|iPhoneSimulator.ActiveCfg = Release|Any CPU
		{27A8C1DD-84B4-4A85-8070-C8DFBE0B9618}.Ad-Hoc|iPhoneSimulator.Build.0 = Release|Any CPU
		{27A8C1DD-84B4-4A85-8070-C8DFBE0B9618}.AppStore|Any CPU.ActiveCfg = Release|Any CPU
		{27A8C1DD-84B4-4A85-8070-C8DFBE0B9618}.AppStore|Any CPU.Build.0 = Release|Any CPU
		{27A8C1DD-84B4-4A85-8070-C8DFBE0B9618}.AppStore|iPhone.ActiveCfg = Release|Any CPU
		{27A8C1DD-84B4-4A85-8070-C8DFBE0B9618}.AppStore|iPhone.Build.0 = Release|Any CPU
		{27A8C1DD-84B4-4A85-8070-C8DFBE0B9618}.AppStore|iPhoneSimulator.ActiveCfg = Release|Any CPU
		{27A8C1DD-84B4-4A85-8070-C8DFBE0B9618}.AppStore|iPhoneSimulator.Build.0 = Release|Any CPU
		{27A8C1DD-84B4-4A85-8070-C8DFBE0B9618}.Debug|Any CPU.ActiveCfg = Debug|Any CPU
		{27A8C1DD-84B4-4A85-8070-C8DFBE0B9618}.Debug|Any CPU.Build.0 = Debug|Any CPU
		{27A8C1DD-84B4-4A85-8070-C8DFBE0B9618}.Debug|iPhone.ActiveCfg = Debug|Any CPU
		{27A8C1DD-84B4-4A85-8070-C8DFBE0B9618}.Debug|iPhone.Build.0 = Debug|Any CPU
		{27A8C1DD-84B4-4A85-8070-C8DFBE0B9618}.Debug|iPhoneSimulator.ActiveCfg = Debug|Any CPU
		{27A8C1DD-84B4-4A85-8070-C8DFBE0B9618}.Debug|iPhoneSimulator.Build.0 = Debug|Any CPU
		{27A8C1DD-84B4-4A85-8070-C8DFBE0B9618}.Release|Any CPU.ActiveCfg = Release|Any CPU
		{27A8C1DD-84B4-4A85-8070-C8DFBE0B9618}.Release|Any CPU.Build.0 = Release|Any CPU
		{27A8C1DD-84B4-4A85-8070-C8DFBE0B9618}.Release|iPhone.ActiveCfg = Release|Any CPU
		{27A8C1DD-84B4-4A85-8070-C8DFBE0B9618}.Release|iPhone.Build.0 = Release|Any CPU
		{27A8C1DD-84B4-4A85-8070-C8DFBE0B9618}.Release|iPhoneSimulator.ActiveCfg = Release|Any CPU
		{27A8C1DD-84B4-4A85-8070-C8DFBE0B9618}.Release|iPhoneSimulator.Build.0 = Release|Any CPU
		{D81390D8-FE39-4452-BB89-72C45E143367}.Ad-Hoc|Any CPU.ActiveCfg = Release|Any CPU
		{D81390D8-FE39-4452-BB89-72C45E143367}.Ad-Hoc|Any CPU.Build.0 = Release|Any CPU
		{D81390D8-FE39-4452-BB89-72C45E143367}.Ad-Hoc|iPhone.ActiveCfg = Release|Any CPU
		{D81390D8-FE39-4452-BB89-72C45E143367}.Ad-Hoc|iPhone.Build.0 = Release|Any CPU
		{D81390D8-FE39-4452-BB89-72C45E143367}.Ad-Hoc|iPhoneSimulator.ActiveCfg = Release|Any CPU
		{D81390D8-FE39-4452-BB89-72C45E143367}.Ad-Hoc|iPhoneSimulator.Build.0 = Release|Any CPU
		{D81390D8-FE39-4452-BB89-72C45E143367}.AppStore|Any CPU.ActiveCfg = Release|Any CPU
		{D81390D8-FE39-4452-BB89-72C45E143367}.AppStore|Any CPU.Build.0 = Release|Any CPU
		{D81390D8-FE39-4452-BB89-72C45E143367}.AppStore|iPhone.ActiveCfg = Release|Any CPU
		{D81390D8-FE39-4452-BB89-72C45E143367}.AppStore|iPhone.Build.0 = Release|Any CPU
		{D81390D8-FE39-4452-BB89-72C45E143367}.AppStore|iPhoneSimulator.ActiveCfg = Release|Any CPU
		{D81390D8-FE39-4452-BB89-72C45E143367}.AppStore|iPhoneSimulator.Build.0 = Release|Any CPU
		{D81390D8-FE39-4452-BB89-72C45E143367}.Debug|Any CPU.ActiveCfg = Debug|Any CPU
		{D81390D8-FE39-4452-BB89-72C45E143367}.Debug|Any CPU.Build.0 = Debug|Any CPU
		{D81390D8-FE39-4452-BB89-72C45E143367}.Debug|iPhone.ActiveCfg = Debug|Any CPU
		{D81390D8-FE39-4452-BB89-72C45E143367}.Debug|iPhone.Build.0 = Debug|Any CPU
		{D81390D8-FE39-4452-BB89-72C45E143367}.Debug|iPhoneSimulator.ActiveCfg = Debug|Any CPU
		{D81390D8-FE39-4452-BB89-72C45E143367}.Debug|iPhoneSimulator.Build.0 = Debug|Any CPU
		{D81390D8-FE39-4452-BB89-72C45E143367}.Release|Any CPU.ActiveCfg = Release|Any CPU
		{D81390D8-FE39-4452-BB89-72C45E143367}.Release|Any CPU.Build.0 = Release|Any CPU
		{D81390D8-FE39-4452-BB89-72C45E143367}.Release|iPhone.ActiveCfg = Release|Any CPU
		{D81390D8-FE39-4452-BB89-72C45E143367}.Release|iPhone.Build.0 = Release|Any CPU
		{D81390D8-FE39-4452-BB89-72C45E143367}.Release|iPhoneSimulator.ActiveCfg = Release|Any CPU
		{D81390D8-FE39-4452-BB89-72C45E143367}.Release|iPhoneSimulator.Build.0 = Release|Any CPU
		{286C2FA3-71DC-4AF7-AD2F-204924733A91}.Ad-Hoc|Any CPU.ActiveCfg = Release|Any CPU
		{286C2FA3-71DC-4AF7-AD2F-204924733A91}.Ad-Hoc|Any CPU.Build.0 = Release|Any CPU
		{286C2FA3-71DC-4AF7-AD2F-204924733A91}.Ad-Hoc|Any CPU.Deploy.0 = Release|Any CPU
		{286C2FA3-71DC-4AF7-AD2F-204924733A91}.Ad-Hoc|iPhone.ActiveCfg = Release|Any CPU
		{286C2FA3-71DC-4AF7-AD2F-204924733A91}.Ad-Hoc|iPhone.Build.0 = Release|Any CPU
		{286C2FA3-71DC-4AF7-AD2F-204924733A91}.Ad-Hoc|iPhone.Deploy.0 = Release|Any CPU
		{286C2FA3-71DC-4AF7-AD2F-204924733A91}.Ad-Hoc|iPhoneSimulator.ActiveCfg = Release|Any CPU
		{286C2FA3-71DC-4AF7-AD2F-204924733A91}.Ad-Hoc|iPhoneSimulator.Build.0 = Release|Any CPU
		{286C2FA3-71DC-4AF7-AD2F-204924733A91}.Ad-Hoc|iPhoneSimulator.Deploy.0 = Release|Any CPU
		{286C2FA3-71DC-4AF7-AD2F-204924733A91}.AppStore|Any CPU.ActiveCfg = Release|Any CPU
		{286C2FA3-71DC-4AF7-AD2F-204924733A91}.AppStore|Any CPU.Build.0 = Release|Any CPU
		{286C2FA3-71DC-4AF7-AD2F-204924733A91}.AppStore|Any CPU.Deploy.0 = Release|Any CPU
		{286C2FA3-71DC-4AF7-AD2F-204924733A91}.AppStore|iPhone.ActiveCfg = Release|Any CPU
		{286C2FA3-71DC-4AF7-AD2F-204924733A91}.AppStore|iPhone.Build.0 = Release|Any CPU
		{286C2FA3-71DC-4AF7-AD2F-204924733A91}.AppStore|iPhone.Deploy.0 = Release|Any CPU
		{286C2FA3-71DC-4AF7-AD2F-204924733A91}.AppStore|iPhoneSimulator.ActiveCfg = Release|Any CPU
		{286C2FA3-71DC-4AF7-AD2F-204924733A91}.AppStore|iPhoneSimulator.Build.0 = Release|Any CPU
		{286C2FA3-71DC-4AF7-AD2F-204924733A91}.AppStore|iPhoneSimulator.Deploy.0 = Release|Any CPU
		{286C2FA3-71DC-4AF7-AD2F-204924733A91}.Debug|Any CPU.ActiveCfg = Debug|Any CPU
		{286C2FA3-71DC-4AF7-AD2F-204924733A91}.Debug|Any CPU.Build.0 = Debug|Any CPU
		{286C2FA3-71DC-4AF7-AD2F-204924733A91}.Debug|Any CPU.Deploy.0 = Debug|Any CPU
		{286C2FA3-71DC-4AF7-AD2F-204924733A91}.Debug|iPhone.ActiveCfg = Debug|Any CPU
		{286C2FA3-71DC-4AF7-AD2F-204924733A91}.Debug|iPhone.Build.0 = Debug|Any CPU
		{286C2FA3-71DC-4AF7-AD2F-204924733A91}.Debug|iPhone.Deploy.0 = Debug|Any CPU
		{286C2FA3-71DC-4AF7-AD2F-204924733A91}.Debug|iPhoneSimulator.ActiveCfg = Debug|Any CPU
		{286C2FA3-71DC-4AF7-AD2F-204924733A91}.Debug|iPhoneSimulator.Build.0 = Debug|Any CPU
		{286C2FA3-71DC-4AF7-AD2F-204924733A91}.Debug|iPhoneSimulator.Deploy.0 = Debug|Any CPU
		{286C2FA3-71DC-4AF7-AD2F-204924733A91}.Release|Any CPU.ActiveCfg = Release|Any CPU
		{286C2FA3-71DC-4AF7-AD2F-204924733A91}.Release|Any CPU.Build.0 = Release|Any CPU
		{286C2FA3-71DC-4AF7-AD2F-204924733A91}.Release|Any CPU.Deploy.0 = Release|Any CPU
		{286C2FA3-71DC-4AF7-AD2F-204924733A91}.Release|iPhone.ActiveCfg = Release|Any CPU
		{286C2FA3-71DC-4AF7-AD2F-204924733A91}.Release|iPhone.Build.0 = Release|Any CPU
		{286C2FA3-71DC-4AF7-AD2F-204924733A91}.Release|iPhone.Deploy.0 = Release|Any CPU
		{286C2FA3-71DC-4AF7-AD2F-204924733A91}.Release|iPhoneSimulator.ActiveCfg = Release|Any CPU
		{286C2FA3-71DC-4AF7-AD2F-204924733A91}.Release|iPhoneSimulator.Build.0 = Release|Any CPU
		{286C2FA3-71DC-4AF7-AD2F-204924733A91}.Release|iPhoneSimulator.Deploy.0 = Release|Any CPU
	EndGlobalSection
	GlobalSection(SolutionProperties) = preSolution
		HideSolutionNode = FALSE
	EndGlobalSection
	GlobalSection(NestedProjects) = preSolution
		{C5DCB26A-02D0-4D8B-878E-C9169915C22A} = {BA3A7998-C0FA-412E-B727-41E1458BD3A2}
		{93F1186D-AC71-47AC-A40E-B43CA82EB57B} = {62B0983D-8EE5-4E3D-98AC-319C0C8DFDF1}
		{2798EED2-0A88-45E7-97D5-F7DCB01233E1} = {62B0983D-8EE5-4E3D-98AC-319C0C8DFDF1}
		{493355B4-5C43-4608-8965-6601A2CA51D0} = {43DAA3BE-9B5B-417D-970A-52BB989A1782}
		{5D4D5C3B-8612-4F5B-A8C1-9A3AA0B2FEA0} = {43DAA3BE-9B5B-417D-970A-52BB989A1782}
		{27A8C1DD-84B4-4A85-8070-C8DFBE0B9618} = {BA3A7998-C0FA-412E-B727-41E1458BD3A2}
		{D81390D8-FE39-4452-BB89-72C45E143367} = {62B0983D-8EE5-4E3D-98AC-319C0C8DFDF1}
		{286C2FA3-71DC-4AF7-AD2F-204924733A91} = {43DAA3BE-9B5B-417D-970A-52BB989A1782}
	EndGlobalSection
	GlobalSection(ExtensibilityGlobals) = postSolution
		SolutionGuid = {A978F5E6-90F2-4C54-943F-8080844ED729}
	EndGlobalSection
EndGlobal
